
Microsoft Visual Studio Solution File, Format Version 12.00
# Visual Studio 15
VisualStudioVersion = 15.0.28010.2036
MinimumVisualStudioVersion = 10.0.40219.1
Project("{FAE04EC0-301F-11D3-BF4B-00C04F79EFBC}") = "ContactsAppUI", "ContactsAppUI\ContactsAppUI.csproj", "{B271A95A-3C67-4E8F-81E2-0CCE2A0213D1}"
EndProject
Global
	GlobalSection(SolutionConfigurationPlatforms) = preSolution
		Debug|Any CPU = Debug|Any CPU
		Release|Any CPU = Release|Any CPU
	EndGlobalSection
	GlobalSection(ProjectConfigurationPlatforms) = postSolution
		{B271A95A-3C67-4E8F-81E2-0CCE2A0213D1}.Debug|Any CPU.ActiveCfg = Debug|Any CPU
		{B271A95A-3C67-4E8F-81E2-0CCE2A0213D1}.Debug|Any CPU.Build.0 = Debug|Any CPU
		{B271A95A-3C67-4E8F-81E2-0CCE2A0213D1}.Release|Any CPU.ActiveCfg = Release|Any CPU
		{B271A95A-3C67-4E8F-81E2-0CCE2A0213D1}.Release|Any CPU.Build.0 = Release|Any CPU
	EndGlobalSection
	GlobalSection(SolutionProperties) = preSolution
		HideSolutionNode = FALSE
	EndGlobalSection
	GlobalSection(ExtensibilityGlobals) = postSolution
		SolutionGuid = {281ADDFD-3E4B-4B50-95F2-D69B4A153232}
	EndGlobalSection
EndGlobal
